
Microsoft Visual Studio Solution File, Format Version 12.00
# Visual Studio Version 17
VisualStudioVersion = 17.11.35303.130
MinimumVisualStudioVersion = 10.0.40219.1
Project("{FAE04EC0-301F-11D3-BF4B-00C04F79EFBC}") = "Meds.Server", "Meds.Server\Meds.Server.csproj", "{59070A98-FCAF-4647-928E-3A5B08ED92DE}"
EndProject
Project("{54A90642-561A-4BB1-A94E-469ADEE60C69}") = "meds.client", "meds.client\meds.client.esproj", "{6DF4E2FE-8DD5-4BE5-B73F-3590E90AEF07}"
EndProject
Global
	GlobalSection(SolutionConfigurationPlatforms) = preSolution
		Debug|Any CPU = Debug|Any CPU
		Release|Any CPU = Release|Any CPU
	EndGlobalSection
	GlobalSection(ProjectConfigurationPlatforms) = postSolution
		{59070A98-FCAF-4647-928E-3A5B08ED92DE}.Debug|Any CPU.ActiveCfg = Debug|Any CPU
		{59070A98-FCAF-4647-928E-3A5B08ED92DE}.Debug|Any CPU.Build.0 = Debug|Any CPU
		{59070A98-FCAF-4647-928E-3A5B08ED92DE}.Release|Any CPU.ActiveCfg = Release|Any CPU
		{59070A98-FCAF-4647-928E-3A5B08ED92DE}.Release|Any CPU.Build.0 = Release|Any CPU
		{6DF4E2FE-8DD5-4BE5-B73F-3590E90AEF07}.Debug|Any CPU.ActiveCfg = Debug|Any CPU
		{6DF4E2FE-8DD5-4BE5-B73F-3590E90AEF07}.Debug|Any CPU.Build.0 = Debug|Any CPU
		{6DF4E2FE-8DD5-4BE5-B73F-3590E90AEF07}.Debug|Any CPU.Deploy.0 = Debug|Any CPU
		{6DF4E2FE-8DD5-4BE5-B73F-3590E90AEF07}.Release|Any CPU.ActiveCfg = Release|Any CPU
		{6DF4E2FE-8DD5-4BE5-B73F-3590E90AEF07}.Release|Any CPU.Build.0 = Release|Any CPU
		{6DF4E2FE-8DD5-4BE5-B73F-3590E90AEF07}.Release|Any CPU.Deploy.0 = Release|Any CPU
	EndGlobalSection
	GlobalSection(SolutionProperties) = preSolution
		HideSolutionNode = FALSE
	EndGlobalSection
	GlobalSection(ExtensibilityGlobals) = postSolution
		SolutionGuid = {32400A3D-350C-43B6-AEF2-F659D9E46ED9}
	EndGlobalSection
EndGlobal
